# This file was autogenerated by Stack.
# You should not edit this file by hand.
# For more information, please see the documentation at:
#   https://docs.haskellstack.org/en/stable/lock_files

packages:
- completed:
    hackage: OpenCL-1.0.3.4@sha256:ef90f955632749353251887ce66357c5ed8e98e8b437ff91ce406ae9187f3953,2590
    pantry-tree:
      size: 1773
      sha256: 921f93db2ec034c3098abcd695f895f485b6d1b975127160bd2e35225cc7d990
  original:
    hackage: OpenCL-1.0.3.4@sha256:ef90f955632749353251887ce66357c5ed8e98e8b437ff91ce406ae9187f3953,2590
- completed:
    hackage: cuda-0.11.0.0@sha256:4e572a36f9ed3d2f8b40d6ce582b98b9ee0f499ed4ef1e88a33bb691e5be28c7,5654
    pantry-tree:
      size: 3857
      sha256: 17c3c8916aebd4e410df940c1d114843dab4e449715aeba8ea869d1e8d423bb5
  original:
    hackage: cuda-0.11.0.0
- completed:
    hackage: massiv-io-0.4.1.0@sha256:56355b34569b294b830803f1349548d22b48eba2d5695080c2ff7f1b8c9a07ef,3788
    pantry-tree:
      size: 1966
      sha256: 2e22fbe2dcca2672e219aa99c75f4d2beb2c790906a10aaf0bc495b266d70761
  original:
    hackage: massiv-io-0.4.1.0
- completed:
    hackage: Color-0.3.2@sha256:268a28d4864e904c3e6693c08b1fb9880271c953b114d0a483a0f9a81ef09577,8468
    pantry-tree:
      size: 7627
      sha256: a0e3d0b96c6583e4ccc04353612945c4cea3373684c0b7d4db49ea57e9b30162
  original:
    hackage: Color-0.3.2@sha256:268a28d4864e904c3e6693c08b1fb9880271c953b114d0a483a0f9a81ef09577,8468
- completed:
    hackage: JuicyPixels-3.3.5@sha256:5c67dc066d67f5045221a8202f701f4c77eab8220f44414c00fadcdc3e4f872b,3911
    pantry-tree:
      size: 2724
      sha256: e509268878581ec17929cab9ee6cc30ef05f6c203e760f49865547249fbb9d48
  original:
    hackage: JuicyPixels-3.3.5@sha256:5c67dc066d67f5045221a8202f701f4c77eab8220f44414c00fadcdc3e4f872b,3911
snapshots:
- completed:
    size: 524996
    url: https://raw.githubusercontent.com/commercialhaskell/stackage-snapshots/master/lts/14/27.yaml
    sha256: 7ea31a280c56bf36ff591a7397cc384d0dff622e7f9e4225b47d8980f019a0f0
  original:
    url: https://raw.githubusercontent.com/commercialhaskell/stackage-snapshots/master/lts/14/27.yaml
